{
  "version": 4,
  "terraform_version": "1.3.6",
  "serial": 34,
  "lineage": "e4815f74-9e62-055b-82e5-bbf3d20d62f0",
  "outputs": {},
  "resources": [
    {
      "mode": "managed",
      "type": "azurerm_linux_virtual_machine",
      "name": "jenkins",
      "provider": "provider[\"registry.terraform.io/hashicorp/azurerm\"]",
      "instances": [
        {
          "schema_version": 0,
          "attributes": {
            "additional_capabilities": [],
            "admin_password": "techstarter2342!",
            "admin_ssh_key": [
              {
                "public_key": "ssh-rsa AAAAB3NzaC1yc2EAAAADAQABAAABgQCtJamL6aFf0NmE3S5hr65XHAB4WjuFT1QA+QMLzCvK5AKJtU6Txy++fGnkY+Iga/CsWXRxjjpqOy+wgrP+XpyPVpbFFuBryLX1iP6sUhTSzhoWFOjYGxElP1AhVF0j5ZLLdaVr144CGJtVtoWmEVniZ4WO9TutMDsMtW9y8XcobfnAya+UyZWdZ02jMcHb3bEd4VPx36obEZp+sb7brnYkqqdz122UGMg+zA5ulQRAWg7eFfIYzlwxTQ36agXSf05vJkAKUsF29wcwKx310e3vuuwCDzcLskc8yxhZQhmh9NbTRA33ObU3UZG6oACXc4cSvSUzdAGbPEY3tVODmeufgtWXWRBIfbCQCVRPiYzJFOWrI3yxyxKh3lqq7DS3RhT+QURfjjAb/WkjmcBuZGkYyEWQAkPD6tj/Whuthyc2DGKsG+p/n1uHwWTBpyACcqZqA+n0tswE+ElACd+KrfOOJqE1RtyU9H6d0oQEzgOT0mTT67BHZ6HUyCHQZlSWD4c= yildi@Yildirim-Lenovoo\r\n",
                "username": "techstarter"
              }
            ],
            "admin_username": "techstarter",
            "allow_extension_operations": true,
            "availability_set_id": "",
            "boot_diagnostics": [],
            "computer_name": "jenkins",
            "custom_data": null,
            "dedicated_host_group_id": "",
            "dedicated_host_id": "",
            "disable_password_authentication": true,
            "edge_zone": "",
            "encryption_at_host_enabled": false,
            "eviction_policy": "",
            "extensions_time_budget": "PT1H30M",
            "id": "/subscriptions/ea6e6692-4d05-4c5b-9909-51c7dc5f5c2b/resourceGroups/Abdurrahman-yildirim-rg/providers/Microsoft.Compute/virtualMachines/jenkins-vm",
            "identity": [],
            "license_type": "",
            "location": "northeurope",
            "max_bid_price": -1,
            "name": "jenkins-vm",
            "network_interface_ids": [
              "/subscriptions/ea6e6692-4d05-4c5b-9909-51c7dc5f5c2b/resourceGroups/Abdurrahman-yildirim-rg/providers/Microsoft.Network/networkInterfaces/jenkins-nic"
            ],
            "os_disk": [
              {
                "caching": "ReadWrite",
                "diff_disk_settings": [],
                "disk_encryption_set_id": "",
                "disk_size_gb": 30,
                "name": "jenkins-osdisk1",
                "storage_account_type": "Standard_LRS",
                "write_accelerator_enabled": false
              }
            ],
            "patch_mode": "ImageDefault",
            "plan": [],
            "platform_fault_domain": -1,
            "priority": "Regular",
            "private_ip_address": "10.0.2.5",
            "private_ip_addresses": [
              "10.0.2.5"
            ],
            "provision_vm_agent": true,
            "proximity_placement_group_id": "",
            "public_ip_address": "68.219.234.193",
            "public_ip_addresses": [
              "68.219.234.193"
            ],
            "resource_group_name": "Abdurrahman-yildirim-rg",
            "secret": [],
            "secure_boot_enabled": false,
            "size": "Standard_B1s",
            "source_image_id": "",
            "source_image_reference": [
              {
                "offer": "0001-com-ubuntu-server-focal",
                "publisher": "Canonical",
                "sku": "20_04-lts-gen2",
                "version": "latest"
              }
            ],
            "tags": {
              "environment": "jenkins"
            },
            "termination_notification": null,
            "timeouts": null,
            "user_data": "",
            "virtual_machine_id": "8b46827b-186d-46e3-a801-2ee81cf0506a",
            "virtual_machine_scale_set_id": "",
            "vtpm_enabled": false,
            "zone": ""
          },
          "sensitive_attributes": [],
          "private": "eyJlMmJmYjczMC1lY2FhLTExZTYtOGY4OC0zNDM2M2JjN2M0YzAiOnsiY3JlYXRlIjoyNzAwMDAwMDAwMDAwLCJkZWxldGUiOjI3MDAwMDAwMDAwMDAsInJlYWQiOjMwMDAwMDAwMDAwMCwidXBkYXRlIjoyNzAwMDAwMDAwMDAwfX0=",
          "dependencies": [
            "azurerm_network_interface.jenkins",
            "azurerm_network_security_group.nsg",
            "azurerm_public_ip.jenkins_public_ip",
            "azurerm_resource_group.cicdproject",
            "azurerm_ssh_public_key.sshkey",
            "azurerm_subnet.internal",
            "azurerm_virtual_network.main"
          ]
        }
      ]
    },
    {
      "mode": "managed",
      "type": "azurerm_linux_virtual_machine",
      "name": "webserver",
      "provider": "provider[\"registry.terraform.io/hashicorp/azurerm\"]",
      "instances": [
        {
          "schema_version": 0,
          "attributes": {
            "additional_capabilities": [],
            "admin_password": "techstarter2342!",
            "admin_ssh_key": [
              {
                "public_key": "ssh-rsa AAAAB3NzaC1yc2EAAAADAQABAAABgQCtJamL6aFf0NmE3S5hr65XHAB4WjuFT1QA+QMLzCvK5AKJtU6Txy++fGnkY+Iga/CsWXRxjjpqOy+wgrP+XpyPVpbFFuBryLX1iP6sUhTSzhoWFOjYGxElP1AhVF0j5ZLLdaVr144CGJtVtoWmEVniZ4WO9TutMDsMtW9y8XcobfnAya+UyZWdZ02jMcHb3bEd4VPx36obEZp+sb7brnYkqqdz122UGMg+zA5ulQRAWg7eFfIYzlwxTQ36agXSf05vJkAKUsF29wcwKx310e3vuuwCDzcLskc8yxhZQhmh9NbTRA33ObU3UZG6oACXc4cSvSUzdAGbPEY3tVODmeufgtWXWRBIfbCQCVRPiYzJFOWrI3yxyxKh3lqq7DS3RhT+QURfjjAb/WkjmcBuZGkYyEWQAkPD6tj/Whuthyc2DGKsG+p/n1uHwWTBpyACcqZqA+n0tswE+ElACd+KrfOOJqE1RtyU9H6d0oQEzgOT0mTT67BHZ6HUyCHQZlSWD4c= yildi@Yildirim-Lenovoo\r\n",
                "username": "techstarter"
              }
            ],
            "admin_username": "techstarter",
            "allow_extension_operations": true,
            "availability_set_id": "",
            "boot_diagnostics": [],
            "computer_name": "webserver",
            "custom_data": null,
            "dedicated_host_group_id": "",
            "dedicated_host_id": "",
            "disable_password_authentication": true,
            "edge_zone": "",
            "encryption_at_host_enabled": false,
            "eviction_policy": "",
            "extensions_time_budget": "PT1H30M",
            "id": "/subscriptions/ea6e6692-4d05-4c5b-9909-51c7dc5f5c2b/resourceGroups/Abdurrahman-yildirim-rg/providers/Microsoft.Compute/virtualMachines/webserver-vm",
            "identity": [],
            "license_type": "",
            "location": "northeurope",
            "max_bid_price": -1,
            "name": "webserver-vm",
            "network_interface_ids": [
              "/subscriptions/ea6e6692-4d05-4c5b-9909-51c7dc5f5c2b/resourceGroups/Abdurrahman-yildirim-rg/providers/Microsoft.Network/networkInterfaces/webserver-nic"
            ],
            "os_disk": [
              {
                "caching": "ReadWrite",
                "diff_disk_settings": [],
                "disk_encryption_set_id": "",
                "disk_size_gb": 30,
                "name": "webserver-osdisk1",
                "storage_account_type": "Standard_LRS",
                "write_accelerator_enabled": false
              }
            ],
            "patch_mode": "ImageDefault",
            "plan": [],
            "platform_fault_domain": -1,
            "priority": "Regular",
            "private_ip_address": "10.0.2.4",
            "private_ip_addresses": [
              "10.0.2.4"
            ],
            "provision_vm_agent": true,
            "proximity_placement_group_id": "",
            "public_ip_address": "68.219.236.41",
            "public_ip_addresses": [
              "68.219.236.41"
            ],
            "resource_group_name": "Abdurrahman-yildirim-rg",
            "secret": [],
            "secure_boot_enabled": false,
            "size": "Standard_B1s",
            "source_image_id": "",
            "source_image_reference": [
              {
                "offer": "0001-com-ubuntu-server-focal",
                "publisher": "Canonical",
                "sku": "20_04-lts-gen2",
                "version": "latest"
              }
            ],
            "tags": {
              "environment": "webserver"
            },
            "termination_notification": null,
            "timeouts": null,
            "user_data": "",
            "virtual_machine_id": "9819f3c5-f7d7-45b5-9fe8-be3bcaa25d25",
            "virtual_machine_scale_set_id": "",
            "vtpm_enabled": false,
            "zone": ""
          },
          "sensitive_attributes": [],
          "private": "eyJlMmJmYjczMC1lY2FhLTExZTYtOGY4OC0zNDM2M2JjN2M0YzAiOnsiY3JlYXRlIjoyNzAwMDAwMDAwMDAwLCJkZWxldGUiOjI3MDAwMDAwMDAwMDAsInJlYWQiOjMwMDAwMDAwMDAwMCwidXBkYXRlIjoyNzAwMDAwMDAwMDAwfX0=",
          "dependencies": [
            "azurerm_network_interface.jenkins",
            "azurerm_network_interface.webserver",
            "azurerm_network_security_group.nsg",
            "azurerm_public_ip.jenkins_public_ip",
            "azurerm_public_ip.webserver_public_ip",
            "azurerm_resource_group.cicdproject",
            "azurerm_ssh_public_key.sshkey",
            "azurerm_subnet.internal",
            "azurerm_virtual_network.main"
          ]
        }
      ]
    },
    {
      "mode": "managed",
      "type": "azurerm_network_interface",
      "name": "jenkins",
      "provider": "provider[\"registry.terraform.io/hashicorp/azurerm\"]",
      "instances": [
        {
          "schema_version": 0,
          "attributes": {
            "applied_dns_servers": [],
            "dns_servers": [],
            "edge_zone": "",
            "enable_accelerated_networking": false,
            "enable_ip_forwarding": false,
            "id": "/subscriptions/ea6e6692-4d05-4c5b-9909-51c7dc5f5c2b/resourceGroups/Abdurrahman-yildirim-rg/providers/Microsoft.Network/networkInterfaces/jenkins-nic",
            "internal_dns_name_label": "",
            "internal_domain_name_suffix": "2dxc2uv3bedenf0bo2zunk0wmd.fx.internal.cloudapp.net",
            "ip_configuration": [
              {
                "gateway_load_balancer_frontend_ip_configuration_id": "",
                "name": "cicdprojectnetwork",
                "primary": true,
                "private_ip_address": "10.0.2.5",
                "private_ip_address_allocation": "Dynamic",
                "private_ip_address_version": "IPv4",
                "public_ip_address_id": "/subscriptions/ea6e6692-4d05-4c5b-9909-51c7dc5f5c2b/resourceGroups/Abdurrahman-yildirim-rg/providers/Microsoft.Network/publicIPAddresses/jenkins-public-ip",
                "subnet_id": "/subscriptions/ea6e6692-4d05-4c5b-9909-51c7dc5f5c2b/resourceGroups/Abdurrahman-yildirim-rg/providers/Microsoft.Network/virtualNetworks/cicidproject-network/subnets/internal"
              }
            ],
            "location": "northeurope",
            "mac_address": "",
            "name": "jenkins-nic",
            "private_ip_address": "10.0.2.5",
            "private_ip_addresses": [
              "10.0.2.5"
            ],
            "resource_group_name": "Abdurrahman-yildirim-rg",
            "tags": null,
            "timeouts": null,
            "virtual_machine_id": ""
          },
          "sensitive_attributes": [],
          "private": "eyJlMmJmYjczMC1lY2FhLTExZTYtOGY4OC0zNDM2M2JjN2M0YzAiOnsiY3JlYXRlIjoxODAwMDAwMDAwMDAwLCJkZWxldGUiOjE4MDAwMDAwMDAwMDAsInJlYWQiOjMwMDAwMDAwMDAwMCwidXBkYXRlIjoxODAwMDAwMDAwMDAwfX0=",
          "dependencies": [
            "azurerm_public_ip.jenkins_public_ip",
            "azurerm_resource_group.cicdproject",
            "azurerm_subnet.internal",
            "azurerm_virtual_network.main"
          ]
        }
      ]
    },
    {
      "mode": "managed",
      "type": "azurerm_network_interface",
      "name": "webserver",
      "provider": "provider[\"registry.terraform.io/hashicorp/azurerm\"]",
      "instances": [
        {
          "schema_version": 0,
          "attributes": {
            "applied_dns_servers": [],
            "dns_servers": [],
            "edge_zone": "",
            "enable_accelerated_networking": false,
            "enable_ip_forwarding": false,
            "id": "/subscriptions/ea6e6692-4d05-4c5b-9909-51c7dc5f5c2b/resourceGroups/Abdurrahman-yildirim-rg/providers/Microsoft.Network/networkInterfaces/webserver-nic",
            "internal_dns_name_label": "",
            "internal_domain_name_suffix": "2dxc2uv3bedenf0bo2zunk0wmd.fx.internal.cloudapp.net",
            "ip_configuration": [
              {
                "gateway_load_balancer_frontend_ip_configuration_id": "",
                "name": "cicdprojectnetwork",
                "primary": true,
                "private_ip_address": "10.0.2.4",
                "private_ip_address_allocation": "Dynamic",
                "private_ip_address_version": "IPv4",
                "public_ip_address_id": "/subscriptions/ea6e6692-4d05-4c5b-9909-51c7dc5f5c2b/resourceGroups/Abdurrahman-yildirim-rg/providers/Microsoft.Network/publicIPAddresses/webserver-public-ip",
                "subnet_id": "/subscriptions/ea6e6692-4d05-4c5b-9909-51c7dc5f5c2b/resourceGroups/Abdurrahman-yildirim-rg/providers/Microsoft.Network/virtualNetworks/cicidproject-network/subnets/internal"
              }
            ],
            "location": "northeurope",
            "mac_address": "",
            "name": "webserver-nic",
            "private_ip_address": "10.0.2.4",
            "private_ip_addresses": [
              "10.0.2.4"
            ],
            "resource_group_name": "Abdurrahman-yildirim-rg",
            "tags": null,
            "timeouts": null,
            "virtual_machine_id": ""
          },
          "sensitive_attributes": [],
          "private": "eyJlMmJmYjczMC1lY2FhLTExZTYtOGY4OC0zNDM2M2JjN2M0YzAiOnsiY3JlYXRlIjoxODAwMDAwMDAwMDAwLCJkZWxldGUiOjE4MDAwMDAwMDAwMDAsInJlYWQiOjMwMDAwMDAwMDAwMCwidXBkYXRlIjoxODAwMDAwMDAwMDAwfX0=",
          "dependencies": [
            "azurerm_public_ip.webserver_public_ip",
            "azurerm_resource_group.cicdproject",
            "azurerm_subnet.internal",
            "azurerm_virtual_network.main"
          ]
        }
      ]
    },
    {
      "mode": "managed",
      "type": "azurerm_network_interface_security_group_association",
      "name": "jenkinsnsg",
      "provider": "provider[\"registry.terraform.io/hashicorp/azurerm\"]",
      "instances": [
        {
          "schema_version": 0,
          "attributes": {
            "id": "/subscriptions/ea6e6692-4d05-4c5b-9909-51c7dc5f5c2b/resourceGroups/Abdurrahman-yildirim-rg/providers/Microsoft.Network/networkInterfaces/jenkins-nic|/subscriptions/ea6e6692-4d05-4c5b-9909-51c7dc5f5c2b/resourceGroups/Abdurrahman-yildirim-rg/providers/Microsoft.Network/networkSecurityGroups/cicdproject-nsg",
            "network_interface_id": "/subscriptions/ea6e6692-4d05-4c5b-9909-51c7dc5f5c2b/resourceGroups/Abdurrahman-yildirim-rg/providers/Microsoft.Network/networkInterfaces/jenkins-nic",
            "network_security_group_id": "/subscriptions/ea6e6692-4d05-4c5b-9909-51c7dc5f5c2b/resourceGroups/Abdurrahman-yildirim-rg/providers/Microsoft.Network/networkSecurityGroups/cicdproject-nsg",
            "timeouts": null
          },
          "sensitive_attributes": [],
          "private": "eyJlMmJmYjczMC1lY2FhLTExZTYtOGY4OC0zNDM2M2JjN2M0YzAiOnsiY3JlYXRlIjoxODAwMDAwMDAwMDAwLCJkZWxldGUiOjE4MDAwMDAwMDAwMDAsInJlYWQiOjMwMDAwMDAwMDAwMCwidXBkYXRlIjoxODAwMDAwMDAwMDAwfX0=",
          "dependencies": [
            "azurerm_network_interface.jenkins",
            "azurerm_network_security_group.nsg",
            "azurerm_public_ip.jenkins_public_ip",
            "azurerm_resource_group.cicdproject",
            "azurerm_subnet.internal",
            "azurerm_virtual_network.main"
          ]
        }
      ]
    },
    {
      "mode": "managed",
      "type": "azurerm_network_interface_security_group_association",
      "name": "webservernsg",
      "provider": "provider[\"registry.terraform.io/hashicorp/azurerm\"]",
      "instances": [
        {
          "schema_version": 0,
          "attributes": {
            "id": "/subscriptions/ea6e6692-4d05-4c5b-9909-51c7dc5f5c2b/resourceGroups/Abdurrahman-yildirim-rg/providers/Microsoft.Network/networkInterfaces/webserver-nic|/subscriptions/ea6e6692-4d05-4c5b-9909-51c7dc5f5c2b/resourceGroups/Abdurrahman-yildirim-rg/providers/Microsoft.Network/networkSecurityGroups/cicdproject-nsg",
            "network_interface_id": "/subscriptions/ea6e6692-4d05-4c5b-9909-51c7dc5f5c2b/resourceGroups/Abdurrahman-yildirim-rg/providers/Microsoft.Network/networkInterfaces/webserver-nic",
            "network_security_group_id": "/subscriptions/ea6e6692-4d05-4c5b-9909-51c7dc5f5c2b/resourceGroups/Abdurrahman-yildirim-rg/providers/Microsoft.Network/networkSecurityGroups/cicdproject-nsg",
            "timeouts": null
          },
          "sensitive_attributes": [],
          "private": "eyJlMmJmYjczMC1lY2FhLTExZTYtOGY4OC0zNDM2M2JjN2M0YzAiOnsiY3JlYXRlIjoxODAwMDAwMDAwMDAwLCJkZWxldGUiOjE4MDAwMDAwMDAwMDAsInJlYWQiOjMwMDAwMDAwMDAwMCwidXBkYXRlIjoxODAwMDAwMDAwMDAwfX0=",
          "dependencies": [
            "azurerm_network_interface.webserver",
            "azurerm_network_security_group.nsg",
            "azurerm_public_ip.webserver_public_ip",
            "azurerm_resource_group.cicdproject",
            "azurerm_subnet.internal",
            "azurerm_virtual_network.main"
          ]
        }
      ]
    },
    {
      "mode": "managed",
      "type": "azurerm_network_security_group",
      "name": "nsg",
      "provider": "provider[\"registry.terraform.io/hashicorp/azurerm\"]",
      "instances": [
        {
          "schema_version": 0,
          "attributes": {
            "id": "/subscriptions/ea6e6692-4d05-4c5b-9909-51c7dc5f5c2b/resourceGroups/Abdurrahman-yildirim-rg/providers/Microsoft.Network/networkSecurityGroups/cicdproject-nsg",
            "location": "northeurope",
            "name": "cicdproject-nsg",
            "resource_group_name": "Abdurrahman-yildirim-rg",
            "security_rule": [],
            "tags": null,
            "timeouts": null
          },
          "sensitive_attributes": [],
          "private": "eyJlMmJmYjczMC1lY2FhLTExZTYtOGY4OC0zNDM2M2JjN2M0YzAiOnsiY3JlYXRlIjoxODAwMDAwMDAwMDAwLCJkZWxldGUiOjE4MDAwMDAwMDAwMDAsInJlYWQiOjMwMDAwMDAwMDAwMCwidXBkYXRlIjoxODAwMDAwMDAwMDAwfX0=",
          "dependencies": [
            "azurerm_resource_group.cicdproject"
          ]
        }
      ]
    },
    {
      "mode": "managed",
      "type": "azurerm_network_security_rule",
      "name": "allout",
      "provider": "provider[\"registry.terraform.io/hashicorp/azurerm\"]",
      "instances": [
        {
          "schema_version": 0,
          "attributes": {
            "access": "Allow",
            "description": "",
            "destination_address_prefix": "*",
            "destination_address_prefixes": null,
            "destination_application_security_group_ids": null,
            "destination_port_range": "*",
            "destination_port_ranges": null,
            "direction": "Outbound",
            "id": "/subscriptions/ea6e6692-4d05-4c5b-9909-51c7dc5f5c2b/resourceGroups/Abdurrahman-yildirim-rg/providers/Microsoft.Network/networkSecurityGroups/cicdproject-nsg/securityRules/allout",
            "name": "allout",
            "network_security_group_name": "cicdproject-nsg",
            "priority": 100,
            "protocol": "Tcp",
            "resource_group_name": "Abdurrahman-yildirim-rg",
            "source_address_prefix": "*",
            "source_address_prefixes": null,
            "source_application_security_group_ids": null,
            "source_port_range": "*",
            "source_port_ranges": null,
            "timeouts": null
          },
          "sensitive_attributes": [],
          "private": "eyJlMmJmYjczMC1lY2FhLTExZTYtOGY4OC0zNDM2M2JjN2M0YzAiOnsiY3JlYXRlIjoxODAwMDAwMDAwMDAwLCJkZWxldGUiOjE4MDAwMDAwMDAwMDAsInJlYWQiOjMwMDAwMDAwMDAwMCwidXBkYXRlIjoxODAwMDAwMDAwMDAwfX0=",
          "dependencies": [
            "azurerm_network_security_group.nsg",
            "azurerm_resource_group.cicdproject"
          ]
        }
      ]
    },
    {
      "mode": "managed",
      "type": "azurerm_network_security_rule",
      "name": "sshd",
      "provider": "provider[\"registry.terraform.io/hashicorp/azurerm\"]",
      "instances": [
        {
          "schema_version": 0,
          "attributes": {
            "access": "Allow",
            "description": "",
            "destination_address_prefix": "*",
            "destination_address_prefixes": null,
            "destination_application_security_group_ids": null,
            "destination_port_range": "22",
            "destination_port_ranges": null,
            "direction": "Inbound",
            "id": "/subscriptions/ea6e6692-4d05-4c5b-9909-51c7dc5f5c2b/resourceGroups/Abdurrahman-yildirim-rg/providers/Microsoft.Network/networkSecurityGroups/cicdproject-nsg/securityRules/sshd",
            "name": "sshd",
            "network_security_group_name": "cicdproject-nsg",
            "priority": 100,
            "protocol": "Tcp",
            "resource_group_name": "Abdurrahman-yildirim-rg",
            "source_address_prefix": "*",
            "source_address_prefixes": null,
            "source_application_security_group_ids": null,
            "source_port_range": "*",
            "source_port_ranges": null,
            "timeouts": null
          },
          "sensitive_attributes": [],
          "private": "eyJlMmJmYjczMC1lY2FhLTExZTYtOGY4OC0zNDM2M2JjN2M0YzAiOnsiY3JlYXRlIjoxODAwMDAwMDAwMDAwLCJkZWxldGUiOjE4MDAwMDAwMDAwMDAsInJlYWQiOjMwMDAwMDAwMDAwMCwidXBkYXRlIjoxODAwMDAwMDAwMDAwfX0=",
          "dependencies": [
            "azurerm_network_security_group.nsg",
            "azurerm_resource_group.cicdproject"
          ]
        }
      ]
    },
    {
      "mode": "managed",
      "type": "azurerm_network_security_rule",
      "name": "web",
      "provider": "provider[\"registry.terraform.io/hashicorp/azurerm\"]",
      "instances": [
        {
          "schema_version": 0,
          "attributes": {
            "access": "Allow",
            "description": "",
            "destination_address_prefix": "*",
            "destination_address_prefixes": null,
            "destination_application_security_group_ids": null,
            "destination_port_range": "80",
            "destination_port_ranges": null,
            "direction": "Inbound",
            "id": "/subscriptions/ea6e6692-4d05-4c5b-9909-51c7dc5f5c2b/resourceGroups/Abdurrahman-yildirim-rg/providers/Microsoft.Network/networkSecurityGroups/cicdproject-nsg/securityRules/web",
            "name": "web",
            "network_security_group_name": "cicdproject-nsg",
            "priority": 101,
            "protocol": "Tcp",
            "resource_group_name": "Abdurrahman-yildirim-rg",
            "source_address_prefix": "*",
            "source_address_prefixes": null,
            "source_application_security_group_ids": null,
            "source_port_range": "*",
            "source_port_ranges": null,
            "timeouts": null
          },
          "sensitive_attributes": [],
          "private": "eyJlMmJmYjczMC1lY2FhLTExZTYtOGY4OC0zNDM2M2JjN2M0YzAiOnsiY3JlYXRlIjoxODAwMDAwMDAwMDAwLCJkZWxldGUiOjE4MDAwMDAwMDAwMDAsInJlYWQiOjMwMDAwMDAwMDAwMCwidXBkYXRlIjoxODAwMDAwMDAwMDAwfX0=",
          "dependencies": [
            "azurerm_network_security_group.nsg",
            "azurerm_resource_group.cicdproject"
          ]
        }
      ]
    },
    {
      "mode": "managed",
      "type": "azurerm_public_ip",
      "name": "jenkins_public_ip",
      "provider": "provider[\"registry.terraform.io/hashicorp/azurerm\"]",
      "instances": [
        {
          "schema_version": 0,
          "attributes": {
            "allocation_method": "Dynamic",
            "domain_name_label": null,
            "edge_zone": "",
            "fqdn": null,
            "id": "/subscriptions/ea6e6692-4d05-4c5b-9909-51c7dc5f5c2b/resourceGroups/Abdurrahman-yildirim-rg/providers/Microsoft.Network/publicIPAddresses/jenkins-public-ip",
            "idle_timeout_in_minutes": 4,
            "ip_address": "",
            "ip_tags": null,
            "ip_version": "IPv4",
            "location": "northeurope",
            "name": "jenkins-public-ip",
            "public_ip_prefix_id": null,
            "resource_group_name": "Abdurrahman-yildirim-rg",
            "reverse_fqdn": null,
            "sku": "Basic",
            "sku_tier": "Regional",
            "tags": null,
            "timeouts": null,
            "zones": null
          },
          "sensitive_attributes": [],
          "private": "eyJlMmJmYjczMC1lY2FhLTExZTYtOGY4OC0zNDM2M2JjN2M0YzAiOnsiY3JlYXRlIjoxODAwMDAwMDAwMDAwLCJkZWxldGUiOjE4MDAwMDAwMDAwMDAsInJlYWQiOjMwMDAwMDAwMDAwMCwidXBkYXRlIjoxODAwMDAwMDAwMDAwfX0=",
          "dependencies": [
            "azurerm_resource_group.cicdproject"
          ]
        }
      ]
    },
    {
      "mode": "managed",
      "type": "azurerm_public_ip",
      "name": "webserver_public_ip",
      "provider": "provider[\"registry.terraform.io/hashicorp/azurerm\"]",
      "instances": [
        {
          "schema_version": 0,
          "attributes": {
            "allocation_method": "Dynamic",
            "domain_name_label": null,
            "edge_zone": "",
            "fqdn": null,
            "id": "/subscriptions/ea6e6692-4d05-4c5b-9909-51c7dc5f5c2b/resourceGroups/Abdurrahman-yildirim-rg/providers/Microsoft.Network/publicIPAddresses/webserver-public-ip",
            "idle_timeout_in_minutes": 4,
            "ip_address": "",
            "ip_tags": null,
            "ip_version": "IPv4",
            "location": "northeurope",
            "name": "webserver-public-ip",
            "public_ip_prefix_id": null,
            "resource_group_name": "Abdurrahman-yildirim-rg",
            "reverse_fqdn": null,
            "sku": "Basic",
            "sku_tier": "Regional",
            "tags": null,
            "timeouts": null,
            "zones": null
          },
          "sensitive_attributes": [],
          "private": "eyJlMmJmYjczMC1lY2FhLTExZTYtOGY4OC0zNDM2M2JjN2M0YzAiOnsiY3JlYXRlIjoxODAwMDAwMDAwMDAwLCJkZWxldGUiOjE4MDAwMDAwMDAwMDAsInJlYWQiOjMwMDAwMDAwMDAwMCwidXBkYXRlIjoxODAwMDAwMDAwMDAwfX0=",
          "dependencies": [
            "azurerm_resource_group.cicdproject"
          ]
        }
      ]
    },
    {
      "mode": "managed",
      "type": "azurerm_resource_group",
      "name": "cicdproject",
      "provider": "provider[\"registry.terraform.io/hashicorp/azurerm\"]",
      "instances": [
        {
          "schema_version": 0,
          "attributes": {
            "id": "/subscriptions/ea6e6692-4d05-4c5b-9909-51c7dc5f5c2b/resourceGroups/Abdurrahman-yildirim-rg",
            "location": "northeurope",
            "name": "Abdurrahman-yildirim-rg",
            "tags": null,
            "timeouts": null
          },
          "sensitive_attributes": [],
          "private": "eyJlMmJmYjczMC1lY2FhLTExZTYtOGY4OC0zNDM2M2JjN2M0YzAiOnsiY3JlYXRlIjo1NDAwMDAwMDAwMDAwLCJkZWxldGUiOjU0MDAwMDAwMDAwMDAsInJlYWQiOjMwMDAwMDAwMDAwMCwidXBkYXRlIjo1NDAwMDAwMDAwMDAwfX0="
        }
      ]
    },
    {
      "mode": "managed",
      "type": "azurerm_ssh_public_key",
      "name": "sshkey",
      "provider": "provider[\"registry.terraform.io/hashicorp/azurerm\"]",
      "instances": [
        {
          "schema_version": 0,
          "attributes": {
            "id": "/subscriptions/ea6e6692-4d05-4c5b-9909-51c7dc5f5c2b/resourceGroups/Abdurrahman-yildirim-rg/providers/Microsoft.Compute/sshPublicKeys/Abdu",
            "location": "northeurope",
            "name": "Abdu",
            "public_key": "ssh-rsa AAAAB3NzaC1yc2EAAAADAQABAAABgQCtJamL6aFf0NmE3S5hr65XHAB4WjuFT1QA+QMLzCvK5AKJtU6Txy++fGnkY+Iga/CsWXRxjjpqOy+wgrP+XpyPVpbFFuBryLX1iP6sUhTSzhoWFOjYGxElP1AhVF0j5ZLLdaVr144CGJtVtoWmEVniZ4WO9TutMDsMtW9y8XcobfnAya+UyZWdZ02jMcHb3bEd4VPx36obEZp+sb7brnYkqqdz122UGMg+zA5ulQRAWg7eFfIYzlwxTQ36agXSf05vJkAKUsF29wcwKx310e3vuuwCDzcLskc8yxhZQhmh9NbTRA33ObU3UZG6oACXc4cSvSUzdAGbPEY3tVODmeufgtWXWRBIfbCQCVRPiYzJFOWrI3yxyxKh3lqq7DS3RhT+QURfjjAb/WkjmcBuZGkYyEWQAkPD6tj/Whuthyc2DGKsG+p/n1uHwWTBpyACcqZqA+n0tswE+ElACd+KrfOOJqE1RtyU9H6d0oQEzgOT0mTT67BHZ6HUyCHQZlSWD4c= yildi@Yildirim-Lenovoo\r\n",
            "resource_group_name": "Abdurrahman-yildirim-rg",
            "tags": null,
            "timeouts": null
          },
          "sensitive_attributes": [],
          "private": "eyJlMmJmYjczMC1lY2FhLTExZTYtOGY4OC0zNDM2M2JjN2M0YzAiOnsiY3JlYXRlIjoyNzAwMDAwMDAwMDAwLCJkZWxldGUiOjI3MDAwMDAwMDAwMDAsInJlYWQiOjMwMDAwMDAwMDAwMCwidXBkYXRlIjoyNzAwMDAwMDAwMDAwfX0=",
          "dependencies": [
            "azurerm_resource_group.cicdproject"
          ]
        }
      ]
    },
    {
      "mode": "managed",
      "type": "azurerm_subnet",
      "name": "internal",
      "provider": "provider[\"registry.terraform.io/hashicorp/azurerm\"]",
      "instances": [
        {
          "schema_version": 0,
          "attributes": {
            "address_prefixes": [
              "10.0.2.0/24"
            ],
            "delegation": [],
            "enforce_private_link_endpoint_network_policies": false,
            "enforce_private_link_service_network_policies": false,
            "id": "/subscriptions/ea6e6692-4d05-4c5b-9909-51c7dc5f5c2b/resourceGroups/Abdurrahman-yildirim-rg/providers/Microsoft.Network/virtualNetworks/cicidproject-network/subnets/internal",
            "name": "internal",
            "resource_group_name": "Abdurrahman-yildirim-rg",
            "service_endpoint_policy_ids": null,
            "service_endpoints": null,
            "timeouts": null,
            "virtual_network_name": "cicidproject-network"
          },
          "sensitive_attributes": [],
          "private": "eyJlMmJmYjczMC1lY2FhLTExZTYtOGY4OC0zNDM2M2JjN2M0YzAiOnsiY3JlYXRlIjoxODAwMDAwMDAwMDAwLCJkZWxldGUiOjE4MDAwMDAwMDAwMDAsInJlYWQiOjMwMDAwMDAwMDAwMCwidXBkYXRlIjoxODAwMDAwMDAwMDAwfX0=",
          "dependencies": [
            "azurerm_resource_group.cicdproject",
            "azurerm_virtual_network.main"
          ]
        }
      ]
    },
    {
      "mode": "managed",
      "type": "azurerm_virtual_network",
      "name": "main",
      "provider": "provider[\"registry.terraform.io/hashicorp/azurerm\"]",
      "instances": [
        {
          "schema_version": 0,
          "attributes": {
            "address_space": [
              "10.0.0.0/16"
            ],
            "bgp_community": "",
            "ddos_protection_plan": [],
            "dns_servers": [],
            "edge_zone": "",
            "flow_timeout_in_minutes": 0,
            "guid": "522eeee0-09bd-4606-9741-773346ab5663",
            "id": "/subscriptions/ea6e6692-4d05-4c5b-9909-51c7dc5f5c2b/resourceGroups/Abdurrahman-yildirim-rg/providers/Microsoft.Network/virtualNetworks/cicidproject-network",
            "location": "northeurope",
            "name": "cicidproject-network",
            "resource_group_name": "Abdurrahman-yildirim-rg",
            "subnet": [],
            "tags": null,
            "timeouts": null
          },
          "sensitive_attributes": [],
          "private": "eyJlMmJmYjczMC1lY2FhLTExZTYtOGY4OC0zNDM2M2JjN2M0YzAiOnsiY3JlYXRlIjoxODAwMDAwMDAwMDAwLCJkZWxldGUiOjE4MDAwMDAwMDAwMDAsInJlYWQiOjMwMDAwMDAwMDAwMCwidXBkYXRlIjoxODAwMDAwMDAwMDAwfX0=",
          "dependencies": [
            "azurerm_resource_group.cicdproject"
          ]
        }
      ]
    }
  ],
  "check_results": null
}
